
Microsoft Visual Studio Solution File, Format Version 12.00
# Visual Studio 15
VisualStudioVersion = 15.0.28307.136
MinimumVisualStudioVersion = 10.0.40219.1
Project("{FAE04EC0-301F-11D3-BF4B-00C04F79EFBC}") = "6TrafficLights", "6TrafficLights\6TrafficLights.csproj", "{DEFEA46E-BFC2-4D24-8285-FEDEC4E8F471}"
EndProject
Project("{FAE04EC0-301F-11D3-BF4B-00C04F79EFBC}") = "8CreateCustomClassAttribute", "8CreateCustomClassAttribute\8CreateCustomClassAttribute.csproj", "{57E68E29-F0AA-4E51-986B-681CCB403CC8}"
EndProject
Project("{FAE04EC0-301F-11D3-BF4B-00C04F79EFBC}") = "7InfernoInfinity", "7InfernoInfinity\7InfernoInfinity.csproj", "{9E87D559-6268-4EC3-BD9D-8EA1AA818702}"
EndProject
Global
	GlobalSection(SolutionConfigurationPlatforms) = preSolution
		Debug|Any CPU = Debug|Any CPU
		Release|Any CPU = Release|Any CPU
	EndGlobalSection
	GlobalSection(ProjectConfigurationPlatforms) = postSolution
		{DEFEA46E-BFC2-4D24-8285-FEDEC4E8F471}.Debug|Any CPU.ActiveCfg = Debug|Any CPU
		{DEFEA46E-BFC2-4D24-8285-FEDEC4E8F471}.Debug|Any CPU.Build.0 = Debug|Any CPU
		{DEFEA46E-BFC2-4D24-8285-FEDEC4E8F471}.Release|Any CPU.ActiveCfg = Release|Any CPU
		{DEFEA46E-BFC2-4D24-8285-FEDEC4E8F471}.Release|Any CPU.Build.0 = Release|Any CPU
		{57E68E29-F0AA-4E51-986B-681CCB403CC8}.Debug|Any CPU.ActiveCfg = Debug|Any CPU
		{57E68E29-F0AA-4E51-986B-681CCB403CC8}.Debug|Any CPU.Build.0 = Debug|Any CPU
		{57E68E29-F0AA-4E51-986B-681CCB403CC8}.Release|Any CPU.ActiveCfg = Release|Any CPU
		{57E68E29-F0AA-4E51-986B-681CCB403CC8}.Release|Any CPU.Build.0 = Release|Any CPU
		{9E87D559-6268-4EC3-BD9D-8EA1AA818702}.Debug|Any CPU.ActiveCfg = Debug|Any CPU
		{9E87D559-6268-4EC3-BD9D-8EA1AA818702}.Debug|Any CPU.Build.0 = Debug|Any CPU
		{9E87D559-6268-4EC3-BD9D-8EA1AA818702}.Release|Any CPU.ActiveCfg = Release|Any CPU
		{9E87D559-6268-4EC3-BD9D-8EA1AA818702}.Release|Any CPU.Build.0 = Release|Any CPU
	EndGlobalSection
	GlobalSection(SolutionProperties) = preSolution
		HideSolutionNode = FALSE
	EndGlobalSection
	GlobalSection(ExtensibilityGlobals) = postSolution
		SolutionGuid = {EEB549B9-FE38-4F0B-B832-9E712E547F74}
	EndGlobalSection
EndGlobal
