
Microsoft Visual Studio Solution File, Format Version 12.00
# Visual Studio 15
VisualStudioVersion = 15.0.28307.136
MinimumVisualStudioVersion = 10.0.40219.1
Project("{9A19103F-16F7-4668-BE54-9A1E7A4F7556}") = "P01_HarvestingFields", "P01_HarvestingFields.csproj", "{D9DE5515-6890-4425-998E-858BDCCA4869}"
EndProject
Global
	GlobalSection(SolutionConfigurationPlatforms) = preSolution
		Debug|Any CPU = Debug|Any CPU
		Release|Any CPU = Release|Any CPU
	EndGlobalSection
	GlobalSection(ProjectConfigurationPlatforms) = postSolution
		{D9DE5515-6890-4425-998E-858BDCCA4869}.Debug|Any CPU.ActiveCfg = Debug|Any CPU
		{D9DE5515-6890-4425-998E-858BDCCA4869}.Debug|Any CPU.Build.0 = Debug|Any CPU
		{D9DE5515-6890-4425-998E-858BDCCA4869}.Release|Any CPU.ActiveCfg = Release|Any CPU
		{D9DE5515-6890-4425-998E-858BDCCA4869}.Release|Any CPU.Build.0 = Release|Any CPU
	EndGlobalSection
	GlobalSection(SolutionProperties) = preSolution
		HideSolutionNode = FALSE
	EndGlobalSection
	GlobalSection(ExtensibilityGlobals) = postSolution
		SolutionGuid = {C66E5893-E3F9-455F-A7B8-D473FD0686EB}
	EndGlobalSection
EndGlobal
